{
  "version": 4,
  "terraform_version": "1.5.7",
  "serial": 6,
  "lineage": "7899f58b-6784-c82d-41d5-e5fe5f1f1dd3",
  "outputs": {},
  "resources": [
    {
      "mode": "managed",
      "type": "aws_key_pair",
      "name": "default",
      "provider": "provider[\"registry.terraform.io/hashicorp/aws\"]",
      "instances": [
        {
          "schema_version": 1,
          "attributes": {
            "arn": "arn:aws:ec2:us-east-1:750067408510:key-pair/Terraform-dev-first",
            "fingerprint": "25:ca:09:12:cf:6a:37:75:05:3c:8e:0f:66:5c:48:0d",
            "id": "Terraform-dev-first",
            "key_name": "Terraform-dev-first",
            "key_name_prefix": "",
            "key_pair_id": "key-06aab4e57f9d32974",
            "key_type": "rsa",
            "public_key": "ssh-rsa AAAAB3NzaC1yc2EAAAADAQABAAACAQC1T5vi/UhKIjWLaVbfiUq2pDV+nY89KEgaXIoRmefnct0+W0m7g0Rr45Ho8x/8L5+bzCrgRPYg9TDglt3flQ5/Zm/pIlchJKegutDwaBEwaqZhLLfQnndZL7pWEh3W82mgI1acLNOfR+/DnQ8lrX1XvbHAY52ubJDFyUdLDfJjz8UZOsvUANIj0FgA3/WupAy3r1xMCe6XT3N2z7sELyZrCwBNranWo4lDFFopfeVE/rMOGOftDIJeJmF3CNYBzhSuD3oo6JL/0BLtCAdTEHvDTBsdLcHhsn5eGfojKI3HD84SeBSox3Y0BrDqAIMRcDw0Kh9/2NpTNXPBjhb8YKxeJL+PRsPRkTkTLiXkVEwrWofEWl2vRzDSW77ZnMoB9+v3rIkyBGyYfx+9SmD80SlFN3jg/OSrQjLVoV0sEPy0A92dt8n1BQS5YTeQYbuBtlB4vqtYuPehzgvZ33YFtNoxQan1EIRVzbMuYdQuGSjXNg1aXDUc8hbTVe1cseJvGJLI7SVGyVEoUzeLYGqorznDMGH2mDRTeX40Kz6gtcLYhcgCOd1CjGiYzo5tbyL+TYG8HV91AqK0wmV34uVPMDHapJwYChm/+blqPqZauUEM2OCyJwVEOwV7dVXvn4eqnHtuXnS2/AIFD70C0P/CaAxeXBqxfSeIaafNzqUQ7QpBkQ== codespace@codespaces-16b017",
            "region": "us-east-1",
            "tags": null,
            "tags_all": {}
          },
          "sensitive_attributes": [],
          "private": "eyJzY2hlbWFfdmVyc2lvbiI6IjEifQ=="
        }
      ]
    },
    {
      "module": "module.dev_ec2[0]",
      "mode": "managed",
      "type": "aws_security_group",
      "name": "ec2_sg",
      "provider": "provider[\"registry.terraform.io/hashicorp/aws\"]",
      "instances": [
        {
          "schema_version": 1,
          "attributes": {
            "arn": "arn:aws:ec2:us-east-1:750067408510:security-group/sg-0a52c22d9252aa751",
            "description": "Allow SSH inbound traffic",
            "egress": [
              {
                "cidr_blocks": [
                  "0.0.0.0/0"
                ],
                "description": "",
                "from_port": 0,
                "ipv6_cidr_blocks": [],
                "prefix_list_ids": [],
                "protocol": "-1",
                "security_groups": [],
                "self": false,
                "to_port": 0
              }
            ],
            "id": "sg-0a52c22d9252aa751",
            "ingress": [
              {
                "cidr_blocks": [
                  "0.0.0.0/0"
                ],
                "description": "",
                "from_port": 22,
                "ipv6_cidr_blocks": [],
                "prefix_list_ids": [],
                "protocol": "tcp",
                "security_groups": [],
                "self": false,
                "to_port": 22
              }
            ],
            "name": "allow_ssh_dev",
            "name_prefix": "",
            "owner_id": "750067408510",
            "region": "us-east-1",
            "revoke_rules_on_delete": false,
            "tags": null,
            "tags_all": {},
            "timeouts": null,
            "vpc_id": "vpc-045dd4ae40cafaf56"
          },
          "sensitive_attributes": [],
          "private": "eyJlMmJmYjczMC1lY2FhLTExZTYtOGY4OC0zNDM2M2JjN2M0YzAiOnsiY3JlYXRlIjo2MDAwMDAwMDAwMDAsImRlbGV0ZSI6OTAwMDAwMDAwMDAwfSwic2NoZW1hX3ZlcnNpb24iOiIxIn0="
        }
      ]
    }
  ],
  "check_results": null
}
